{
  "name": "tecshop(web)",
  "version": "1.0.0",
  "lockfileVersion": 3,
  "requires": true,
  "packages": {
    "": {
      "name": "tecshop(web)",
      "version": "1.0.0",
      "license": "ISC",
      "dependencies": {
        "tecshop(web)": "file:"
      }
    },
    "node_modules/tecshop(web)": {
      "resolved": "",
      "link": true
    }
  }
}
